
Microsoft Visual Studio Solution File, Format Version 12.00
# Visual Studio Version 17
VisualStudioVersion = 17.3.32825.248
MinimumVisualStudioVersion = 10.0.40219.1
Project("{FAE04EC0-301F-11D3-BF4B-00C04F79EFBC}") = "Ellenorzés", "Ellenorzés\Ellenorzés.csproj", "{C0C90110-5B0A-46F4-82F3-C2DDF5A04138}"
EndProject
Global
	GlobalSection(SolutionConfigurationPlatforms) = preSolution
		Debug|Any CPU = Debug|Any CPU
		Release|Any CPU = Release|Any CPU
	EndGlobalSection
	GlobalSection(ProjectConfigurationPlatforms) = postSolution
		{C0C90110-5B0A-46F4-82F3-C2DDF5A04138}.Debug|Any CPU.ActiveCfg = Debug|Any CPU
		{C0C90110-5B0A-46F4-82F3-C2DDF5A04138}.Debug|Any CPU.Build.0 = Debug|Any CPU
		{C0C90110-5B0A-46F4-82F3-C2DDF5A04138}.Release|Any CPU.ActiveCfg = Release|Any CPU
		{C0C90110-5B0A-46F4-82F3-C2DDF5A04138}.Release|Any CPU.Build.0 = Release|Any CPU
	EndGlobalSection
	GlobalSection(SolutionProperties) = preSolution
		HideSolutionNode = FALSE
	EndGlobalSection
	GlobalSection(ExtensibilityGlobals) = postSolution
		SolutionGuid = {401D4983-AA18-480E-A3E1-5A92A9426B1D}
	EndGlobalSection
EndGlobal
